
Microsoft Visual Studio Solution File, Format Version 12.00
# Visual Studio Version 17
VisualStudioVersion = 17.0.31903.59
MinimumVisualStudioVersion = 10.0.40219.1
Project("{2150E333-8FDC-42A3-9474-1A3956D46DE8}") = "src", "src", "{827E0CD3-B72D-47B6-A68D-7590B98EB39B}"
EndProject
Project("{FAE04EC0-301F-11D3-BF4B-00C04F79EFBC}") = "Levenshteiner.NET", "src\Levenshteiner.NET\Levenshteiner.NET.csproj", "{A2C94D2A-9891-4FCC-AC1B-420818A0925C}"
EndProject
Project("{FAE04EC0-301F-11D3-BF4B-00C04F79EFBC}") = "SampleConsoleApp", "src\SampleConsoleApp\SampleConsoleApp.csproj", "{BB4BF99A-C02C-45FF-A757-CF8DBF33DDBE}"
EndProject
Project("{2150E333-8FDC-42A3-9474-1A3956D46DE8}") = "benchmarks", "benchmarks", "{66320409-64EC-F7C5-3DEF-65E7510DAAD1}"
	ProjectSection(SolutionItems) = preProject
		results.md = results.md
		benchmarks\results.md = benchmarks\results.md
	EndProjectSection
EndProject
Project("{FAE04EC0-301F-11D3-BF4B-00C04F79EFBC}") = "Benchmarks", "benchmarks\Benchmarks\Benchmarks.csproj", "{70604A90-F7F8-4903-929F-7A4AD1964FED}"
EndProject
Project("{2150E333-8FDC-42A3-9474-1A3956D46DE8}") = "tests", "tests", "{0AB3BF05-4346-4AA6-1389-037BE0695223}"
EndProject
Project("{FAE04EC0-301F-11D3-BF4B-00C04F79EFBC}") = "Levenshteiner.UnitTests", "tests\Levenshteiner.UnitTests\Levenshteiner.UnitTests.csproj", "{688BBC52-6A70-412B-8EC2-20CF03A2BF7E}"
EndProject
Global
	GlobalSection(SolutionConfigurationPlatforms) = preSolution
		Debug|Any CPU = Debug|Any CPU
		Debug|x64 = Debug|x64
		Debug|x86 = Debug|x86
		Release|Any CPU = Release|Any CPU
		Release|x64 = Release|x64
		Release|x86 = Release|x86
	EndGlobalSection
	GlobalSection(ProjectConfigurationPlatforms) = postSolution
		{A2C94D2A-9891-4FCC-AC1B-420818A0925C}.Debug|Any CPU.ActiveCfg = Debug|Any CPU
		{A2C94D2A-9891-4FCC-AC1B-420818A0925C}.Debug|Any CPU.Build.0 = Debug|Any CPU
		{A2C94D2A-9891-4FCC-AC1B-420818A0925C}.Debug|x64.ActiveCfg = Debug|Any CPU
		{A2C94D2A-9891-4FCC-AC1B-420818A0925C}.Debug|x64.Build.0 = Debug|Any CPU
		{A2C94D2A-9891-4FCC-AC1B-420818A0925C}.Debug|x86.ActiveCfg = Debug|Any CPU
		{A2C94D2A-9891-4FCC-AC1B-420818A0925C}.Debug|x86.Build.0 = Debug|Any CPU
		{A2C94D2A-9891-4FCC-AC1B-420818A0925C}.Release|Any CPU.ActiveCfg = Release|Any CPU
		{A2C94D2A-9891-4FCC-AC1B-420818A0925C}.Release|Any CPU.Build.0 = Release|Any CPU
		{A2C94D2A-9891-4FCC-AC1B-420818A0925C}.Release|x64.ActiveCfg = Release|Any CPU
		{A2C94D2A-9891-4FCC-AC1B-420818A0925C}.Release|x64.Build.0 = Release|Any CPU
		{A2C94D2A-9891-4FCC-AC1B-420818A0925C}.Release|x86.ActiveCfg = Release|Any CPU
		{A2C94D2A-9891-4FCC-AC1B-420818A0925C}.Release|x86.Build.0 = Release|Any CPU
		{BB4BF99A-C02C-45FF-A757-CF8DBF33DDBE}.Debug|Any CPU.ActiveCfg = Debug|Any CPU
		{BB4BF99A-C02C-45FF-A757-CF8DBF33DDBE}.Debug|Any CPU.Build.0 = Debug|Any CPU
		{BB4BF99A-C02C-45FF-A757-CF8DBF33DDBE}.Debug|x64.ActiveCfg = Debug|Any CPU
		{BB4BF99A-C02C-45FF-A757-CF8DBF33DDBE}.Debug|x64.Build.0 = Debug|Any CPU
		{BB4BF99A-C02C-45FF-A757-CF8DBF33DDBE}.Debug|x86.ActiveCfg = Debug|Any CPU
		{BB4BF99A-C02C-45FF-A757-CF8DBF33DDBE}.Debug|x86.Build.0 = Debug|Any CPU
		{BB4BF99A-C02C-45FF-A757-CF8DBF33DDBE}.Release|Any CPU.ActiveCfg = Release|Any CPU
		{BB4BF99A-C02C-45FF-A757-CF8DBF33DDBE}.Release|Any CPU.Build.0 = Release|Any CPU
		{BB4BF99A-C02C-45FF-A757-CF8DBF33DDBE}.Release|x64.ActiveCfg = Release|Any CPU
		{BB4BF99A-C02C-45FF-A757-CF8DBF33DDBE}.Release|x64.Build.0 = Release|Any CPU
		{BB4BF99A-C02C-45FF-A757-CF8DBF33DDBE}.Release|x86.ActiveCfg = Release|Any CPU
		{BB4BF99A-C02C-45FF-A757-CF8DBF33DDBE}.Release|x86.Build.0 = Release|Any CPU
		{70604A90-F7F8-4903-929F-7A4AD1964FED}.Debug|Any CPU.ActiveCfg = Debug|Any CPU
		{70604A90-F7F8-4903-929F-7A4AD1964FED}.Debug|Any CPU.Build.0 = Debug|Any CPU
		{70604A90-F7F8-4903-929F-7A4AD1964FED}.Debug|x64.ActiveCfg = Debug|Any CPU
		{70604A90-F7F8-4903-929F-7A4AD1964FED}.Debug|x64.Build.0 = Debug|Any CPU
		{70604A90-F7F8-4903-929F-7A4AD1964FED}.Debug|x86.ActiveCfg = Debug|Any CPU
		{70604A90-F7F8-4903-929F-7A4AD1964FED}.Debug|x86.Build.0 = Debug|Any CPU
		{70604A90-F7F8-4903-929F-7A4AD1964FED}.Release|Any CPU.ActiveCfg = Release|Any CPU
		{70604A90-F7F8-4903-929F-7A4AD1964FED}.Release|Any CPU.Build.0 = Release|Any CPU
		{70604A90-F7F8-4903-929F-7A4AD1964FED}.Release|x64.ActiveCfg = Release|Any CPU
		{70604A90-F7F8-4903-929F-7A4AD1964FED}.Release|x64.Build.0 = Release|Any CPU
		{70604A90-F7F8-4903-929F-7A4AD1964FED}.Release|x86.ActiveCfg = Release|Any CPU
		{70604A90-F7F8-4903-929F-7A4AD1964FED}.Release|x86.Build.0 = Release|Any CPU
		{688BBC52-6A70-412B-8EC2-20CF03A2BF7E}.Debug|Any CPU.ActiveCfg = Debug|Any CPU
		{688BBC52-6A70-412B-8EC2-20CF03A2BF7E}.Debug|Any CPU.Build.0 = Debug|Any CPU
		{688BBC52-6A70-412B-8EC2-20CF03A2BF7E}.Debug|x64.ActiveCfg = Debug|Any CPU
		{688BBC52-6A70-412B-8EC2-20CF03A2BF7E}.Debug|x64.Build.0 = Debug|Any CPU
		{688BBC52-6A70-412B-8EC2-20CF03A2BF7E}.Debug|x86.ActiveCfg = Debug|Any CPU
		{688BBC52-6A70-412B-8EC2-20CF03A2BF7E}.Debug|x86.Build.0 = Debug|Any CPU
		{688BBC52-6A70-412B-8EC2-20CF03A2BF7E}.Release|Any CPU.ActiveCfg = Release|Any CPU
		{688BBC52-6A70-412B-8EC2-20CF03A2BF7E}.Release|Any CPU.Build.0 = Release|Any CPU
		{688BBC52-6A70-412B-8EC2-20CF03A2BF7E}.Release|x64.ActiveCfg = Release|Any CPU
		{688BBC52-6A70-412B-8EC2-20CF03A2BF7E}.Release|x64.Build.0 = Release|Any CPU
		{688BBC52-6A70-412B-8EC2-20CF03A2BF7E}.Release|x86.ActiveCfg = Release|Any CPU
		{688BBC52-6A70-412B-8EC2-20CF03A2BF7E}.Release|x86.Build.0 = Release|Any CPU
	EndGlobalSection
	GlobalSection(SolutionProperties) = preSolution
		HideSolutionNode = FALSE
	EndGlobalSection
	GlobalSection(NestedProjects) = preSolution
		{A2C94D2A-9891-4FCC-AC1B-420818A0925C} = {827E0CD3-B72D-47B6-A68D-7590B98EB39B}
		{BB4BF99A-C02C-45FF-A757-CF8DBF33DDBE} = {827E0CD3-B72D-47B6-A68D-7590B98EB39B}
		{70604A90-F7F8-4903-929F-7A4AD1964FED} = {66320409-64EC-F7C5-3DEF-65E7510DAAD1}
		{688BBC52-6A70-412B-8EC2-20CF03A2BF7E} = {0AB3BF05-4346-4AA6-1389-037BE0695223}
	EndGlobalSection
	GlobalSection(ExtensibilityGlobals) = postSolution
		SolutionGuid = {38B57703-E3AC-46AD-9B66-1D4E9BCC2343}
	EndGlobalSection
EndGlobal
